
Microsoft Visual Studio Solution File, Format Version 12.00
# Visual Studio Version 17
VisualStudioVersion = 17.9.34607.119
MinimumVisualStudioVersion = 10.0.40219.1
Project("{9A19103F-16F7-4668-BE54-9A1E7A4F7556}") = "assignment-2425", "assignment-2425\assignment-2425.csproj", "{95B532F1-077F-4EA6-9AEB-2F5677D099F6}"
EndProject
Project("{2150E333-8FDC-42A3-9474-1A3956D46DE8}") = "Solution Items", "Solution Items", "{69880F70-8A0D-4D67-BAAE-C15491A87FD1}"
	ProjectSection(SolutionItems) = preProject
		Class1.cs = Class1.cs
		DatabaseService.cs = DatabaseService.cs
		map.html = map.html
	EndProjectSection
EndProject
Project("{2150E333-8FDC-42A3-9474-1A3956D46DE8}") = "Models", "Models", "{70BFA325-2BCD-4B37-8E57-5A1850A463BF}"
	ProjectSection(SolutionItems) = preProject
		Recipe.cs = Recipe.cs
		ChatMessage.cs = ChatMessage.cs
	EndProjectSection
EndProject
Project("{2150E333-8FDC-42A3-9474-1A3956D46DE8}") = "Services", "Services", "{34004DF1-402C-4CA6-8111-42E1E9D431DE}"
	ProjectSection(SolutionItems) = preProject
		CsvLoader.cs = CsvLoader.cs
		FirestoreService.cs = FirestoreService.cs
	EndProjectSection
EndProject
Project("{2150E333-8FDC-42A3-9474-1A3956D46DE8}") = "ViewModels", "ViewModels", "{09F83B6E-6D3B-4D41-AD08-4DCF3A27BCD2}"
	ProjectSection(SolutionItems) = preProject
		ChatViewModel.cs = ChatViewModel.cs
	EndProjectSection
EndProject
Global
	GlobalSection(SolutionConfigurationPlatforms) = preSolution
		Debug|Any CPU = Debug|Any CPU
		Release|Any CPU = Release|Any CPU
	EndGlobalSection
	GlobalSection(ProjectConfigurationPlatforms) = postSolution
		{95B532F1-077F-4EA6-9AEB-2F5677D099F6}.Debug|Any CPU.ActiveCfg = Debug|Any CPU
		{95B532F1-077F-4EA6-9AEB-2F5677D099F6}.Debug|Any CPU.Build.0 = Debug|Any CPU
		{95B532F1-077F-4EA6-9AEB-2F5677D099F6}.Debug|Any CPU.Deploy.0 = Debug|Any CPU
		{95B532F1-077F-4EA6-9AEB-2F5677D099F6}.Release|Any CPU.ActiveCfg = Release|Any CPU
		{95B532F1-077F-4EA6-9AEB-2F5677D099F6}.Release|Any CPU.Build.0 = Release|Any CPU
		{95B532F1-077F-4EA6-9AEB-2F5677D099F6}.Release|Any CPU.Deploy.0 = Release|Any CPU
	EndGlobalSection
	GlobalSection(SolutionProperties) = preSolution
		HideSolutionNode = FALSE
	EndGlobalSection
	GlobalSection(ExtensibilityGlobals) = postSolution
		SolutionGuid = {21C0C101-EB02-4353-95BA-BEFADAC8573E}
	EndGlobalSection
EndGlobal
